
Microsoft Visual Studio Solution File, Format Version 12.00
# Visual Studio 15
Project("{FAE04EC0-301F-11D3-BF4B-00C04F79EFBC}") = "Assembly-CSharp", "Assembly-CSharp.csproj", "{4B2709CF-8BE8-A2AE-46D2-3C400DF2BDEC}"
EndProject
Project("{FAE04EC0-301F-11D3-BF4B-00C04F79EFBC}") = "Assembly-CSharp-Editor", "Assembly-CSharp-Editor.csproj", "{3CF14A96-4397-1CE1-18B3-69D3D3BBC642}"
EndProject
Global
	GlobalSection(SolutionConfigurationPlatforms) = preSolution
		Debug|Any CPU = Debug|Any CPU
		Release|Any CPU = Release|Any CPU
	EndGlobalSection
	GlobalSection(ProjectConfigurationPlatforms) = postSolution
		{4B2709CF-8BE8-A2AE-46D2-3C400DF2BDEC}.Debug|Any CPU.ActiveCfg = Debug|Any CPU
		{4B2709CF-8BE8-A2AE-46D2-3C400DF2BDEC}.Debug|Any CPU.Build.0 = Debug|Any CPU
		{4B2709CF-8BE8-A2AE-46D2-3C400DF2BDEC}.Release|Any CPU.ActiveCfg = Release|Any CPU
		{4B2709CF-8BE8-A2AE-46D2-3C400DF2BDEC}.Release|Any CPU.Build.0 = Release|Any CPU
		{3CF14A96-4397-1CE1-18B3-69D3D3BBC642}.Debug|Any CPU.ActiveCfg = Debug|Any CPU
		{3CF14A96-4397-1CE1-18B3-69D3D3BBC642}.Debug|Any CPU.Build.0 = Debug|Any CPU
		{3CF14A96-4397-1CE1-18B3-69D3D3BBC642}.Release|Any CPU.ActiveCfg = Release|Any CPU
		{3CF14A96-4397-1CE1-18B3-69D3D3BBC642}.Release|Any CPU.Build.0 = Release|Any CPU
	EndGlobalSection
	GlobalSection(SolutionProperties) = preSolution
		HideSolutionNode = FALSE
	EndGlobalSection
EndGlobal
